
Microsoft Visual Studio Solution File, Format Version 12.00
# Visual Studio Version 16
VisualStudioVersion = 16.0.33927.289
MinimumVisualStudioVersion = 10.0.40219.1
Project("{888888A0-9F3D-457C-B088-3A5042F75D52}") = "3OLIDTS-AlanDiaz-04", "3OLIDTS-AlanDiaz-04\3OLIDTS-AlanDiaz-04.pyproj", "{97B00F1D-E47B-43C5-90DE-07E8262CF4A8}"
EndProject
Global
	GlobalSection(SolutionConfigurationPlatforms) = preSolution
		Debug|Any CPU = Debug|Any CPU
		Release|Any CPU = Release|Any CPU
	EndGlobalSection
	GlobalSection(ProjectConfigurationPlatforms) = postSolution
		{97B00F1D-E47B-43C5-90DE-07E8262CF4A8}.Debug|Any CPU.ActiveCfg = Debug|Any CPU
		{97B00F1D-E47B-43C5-90DE-07E8262CF4A8}.Release|Any CPU.ActiveCfg = Release|Any CPU
	EndGlobalSection
	GlobalSection(SolutionProperties) = preSolution
		HideSolutionNode = FALSE
	EndGlobalSection
	GlobalSection(ExtensibilityGlobals) = postSolution
		SolutionGuid = {6DC38EAA-F149-4E84-9F11-9BFD4EADFED5}
	EndGlobalSection
EndGlobal
